
Microsoft Visual Studio Solution File, Format Version 12.00
# Visual Studio Version 17
VisualStudioVersion = 17.13.35913.81
MinimumVisualStudioVersion = 10.0.40219.1
Project("{FAE04EC0-301F-11D3-BF4B-00C04F79EFBC}") = "LigEngine", "LigEngine.csproj", "{AF080D08-D626-4F44-B6B3-3B82677C6D3D}"
EndProject
Project("{FAE04EC0-301F-11D3-BF4B-00C04F79EFBC}") = "SharedResource", "..\SharedResource\SharedResource.csproj", "{2246A5D1-085C-4C3D-A691-333A227340AF}"
EndProject
Project("{2150E333-8FDC-42A3-9474-1A3956D46DE8}") = "Menu", "Menu", "{02EA681E-C7D8-13C7-8484-4AC65E1B71E8}"
EndProject
Project("{2150E333-8FDC-42A3-9474-1A3956D46DE8}") = "Device", "Device", "{6D3C41F8-355D-425A-B6AD-AA64B6489A12}"
EndProject
Project("{2150E333-8FDC-42A3-9474-1A3956D46DE8}") = "Product", "Product", "{369CB01D-A1A7-72D2-AABC-3F0945D148A2}"
EndProject
Project("{FAE04EC0-301F-11D3-BF4B-00C04F79EFBC}") = "MenuControl", "..\MenuControlBtn\MenuControl.csproj", "{1D044A69-250C-43EB-8DF1-E8579593001A}"
EndProject
Project("{FAE04EC0-301F-11D3-BF4B-00C04F79EFBC}") = "ProductManage", "..\ProductManage\ProductManage.csproj", "{4A29677A-859D-4C4D-8E88-4B8A7859FEBC}"
EndProject
Project("{FAE04EC0-301F-11D3-BF4B-00C04F79EFBC}") = "DeviceMegManager", "..\DeviceMegManager\DeviceMegManager.csproj", "{4BF8C06D-F56E-4A63-98FA-78763EC540ED}"
EndProject
Project("{FAE04EC0-301F-11D3-BF4B-00C04F79EFBC}") = "OperationLogManager", "..\OperationLogManager\OperationLogManager.csproj", "{6D5337BF-EC1F-4CF8-9985-8513C7C20048}"
EndProject
Project("{FAE04EC0-301F-11D3-BF4B-00C04F79EFBC}") = "CCD", "..\CCD\CCD.csproj", "{6991E8A9-5580-49DE-AB18-5100C174E2F7}"
EndProject
Project("{FAE04EC0-301F-11D3-BF4B-00C04F79EFBC}") = "LaserManager", "..\LaserManager\LaserManager.csproj", "{9487B029-9B2A-4AA2-9386-9611F162C3E7}"
EndProject
Project("{FAE04EC0-301F-11D3-BF4B-00C04F79EFBC}") = "Machine", "..\Machine\Machine.csproj", "{24FCE1B8-285E-4E0E-8615-EA7C5ED66DDF}"
EndProject
Project("{FAE04EC0-301F-11D3-BF4B-00C04F79EFBC}") = "PublishTools", "..\PublishTools\PublishTools.csproj", "{1A03ADA7-3AD1-4880-88D1-A262C1411960}"
EndProject
Project("{FAE04EC0-301F-11D3-BF4B-00C04F79EFBC}") = "ParamConfigManager", "..\ParamConfigManager\ParamConfigManager.csproj", "{404FAC62-1370-4526-974F-1B35D9E4B41D}"
EndProject
Project("{FAE04EC0-301F-11D3-BF4B-00C04F79EFBC}") = "ModelDisplyManager", "..\ModelDisplyManager\ModelDisplyManager.csproj", "{8F62B028-078C-48FA-8AF4-D8515A19C9A0}"
EndProject
Project("{FAE04EC0-301F-11D3-BF4B-00C04F79EFBC}") = "ExternalIOManager", "..\ExternalIOManager\ExternalIOManager.csproj", "{91687ECC-54C6-473F-88B3-FEE5613A3CBD}"
EndProject
Project("{FAE04EC0-301F-11D3-BF4B-00C04F79EFBC}") = "DiastimeterManager", "..\DiastimeterManager\DiastimeterManager.csproj", "{A3EEA35C-A831-4261-9564-10C9F988AED1}"
EndProject
Project("{FAE04EC0-301F-11D3-BF4B-00C04F79EFBC}") = "ServiceManager", "..\ServiceManager\ServiceManager.csproj", "{A8E2C938-64DE-4521-9532-3A9AEF51A0D7}"
EndProject
Project("{FAE04EC0-301F-11D3-BF4B-00C04F79EFBC}") = "CraftDebug", "..\CraftDebug\CraftDebug.csproj", "{873D5774-66B7-4B53-A52F-0C840860903B}"
EndProject
Project("{2150E333-8FDC-42A3-9474-1A3956D46DE8}") = "DeviceManage", "DeviceManage", "{C4911944-6DF5-4083-AF80-F995D25F4EC1}"
EndProject
Project("{FAE04EC0-301F-11D3-BF4B-00C04F79EFBC}") = "DeviceInterface", "..\DeviceInterface\DeviceInterface.csproj", "{F6A24321-A1F7-4019-92CD-7943E83DEF4E}"
EndProject
Project("{2150E333-8FDC-42A3-9474-1A3956D46DE8}") = "UserManage", "UserManage", "{B07A92E8-E101-4B56-A53D-FEA36A8BF452}"
EndProject
Project("{FAE04EC0-301F-11D3-BF4B-00C04F79EFBC}") = "UserManager", "..\UserManager\UserManager.csproj", "{1983645F-DF62-41EC-A7BC-E149EC19ED06}"
EndProject
Project("{FAE04EC0-301F-11D3-BF4B-00C04F79EFBC}") = "DeviceObject", "..\DeviceObject\DeviceObject.csproj", "{2EA34476-97CB-41ED-BD17-598E9C27D872}"
EndProject
Global
	GlobalSection(SolutionConfigurationPlatforms) = preSolution
		Debug|Any CPU = Debug|Any CPU
		Release|Any CPU = Release|Any CPU
	EndGlobalSection
	GlobalSection(ProjectConfigurationPlatforms) = postSolution
		{AF080D08-D626-4F44-B6B3-3B82677C6D3D}.Debug|Any CPU.ActiveCfg = Debug|Any CPU
		{AF080D08-D626-4F44-B6B3-3B82677C6D3D}.Debug|Any CPU.Build.0 = Debug|Any CPU
		{AF080D08-D626-4F44-B6B3-3B82677C6D3D}.Release|Any CPU.ActiveCfg = Release|Any CPU
		{AF080D08-D626-4F44-B6B3-3B82677C6D3D}.Release|Any CPU.Build.0 = Release|Any CPU
		{2246A5D1-085C-4C3D-A691-333A227340AF}.Debug|Any CPU.ActiveCfg = Debug|Any CPU
		{2246A5D1-085C-4C3D-A691-333A227340AF}.Debug|Any CPU.Build.0 = Debug|Any CPU
		{2246A5D1-085C-4C3D-A691-333A227340AF}.Release|Any CPU.ActiveCfg = Release|Any CPU
		{2246A5D1-085C-4C3D-A691-333A227340AF}.Release|Any CPU.Build.0 = Release|Any CPU
		{1D044A69-250C-43EB-8DF1-E8579593001A}.Debug|Any CPU.ActiveCfg = Debug|Any CPU
		{1D044A69-250C-43EB-8DF1-E8579593001A}.Debug|Any CPU.Build.0 = Debug|Any CPU
		{1D044A69-250C-43EB-8DF1-E8579593001A}.Release|Any CPU.ActiveCfg = Release|Any CPU
		{1D044A69-250C-43EB-8DF1-E8579593001A}.Release|Any CPU.Build.0 = Release|Any CPU
		{4A29677A-859D-4C4D-8E88-4B8A7859FEBC}.Debug|Any CPU.ActiveCfg = Debug|Any CPU
		{4A29677A-859D-4C4D-8E88-4B8A7859FEBC}.Debug|Any CPU.Build.0 = Debug|Any CPU
		{4A29677A-859D-4C4D-8E88-4B8A7859FEBC}.Release|Any CPU.ActiveCfg = Release|Any CPU
		{4A29677A-859D-4C4D-8E88-4B8A7859FEBC}.Release|Any CPU.Build.0 = Release|Any CPU
		{4BF8C06D-F56E-4A63-98FA-78763EC540ED}.Debug|Any CPU.ActiveCfg = Debug|Any CPU
		{4BF8C06D-F56E-4A63-98FA-78763EC540ED}.Debug|Any CPU.Build.0 = Debug|Any CPU
		{4BF8C06D-F56E-4A63-98FA-78763EC540ED}.Release|Any CPU.ActiveCfg = Release|Any CPU
		{4BF8C06D-F56E-4A63-98FA-78763EC540ED}.Release|Any CPU.Build.0 = Release|Any CPU
		{6D5337BF-EC1F-4CF8-9985-8513C7C20048}.Debug|Any CPU.ActiveCfg = Debug|Any CPU
		{6D5337BF-EC1F-4CF8-9985-8513C7C20048}.Debug|Any CPU.Build.0 = Debug|Any CPU
		{6D5337BF-EC1F-4CF8-9985-8513C7C20048}.Release|Any CPU.ActiveCfg = Release|Any CPU
		{6D5337BF-EC1F-4CF8-9985-8513C7C20048}.Release|Any CPU.Build.0 = Release|Any CPU
		{6991E8A9-5580-49DE-AB18-5100C174E2F7}.Debug|Any CPU.ActiveCfg = Debug|Any CPU
		{6991E8A9-5580-49DE-AB18-5100C174E2F7}.Debug|Any CPU.Build.0 = Debug|Any CPU
		{6991E8A9-5580-49DE-AB18-5100C174E2F7}.Release|Any CPU.ActiveCfg = Release|Any CPU
		{6991E8A9-5580-49DE-AB18-5100C174E2F7}.Release|Any CPU.Build.0 = Release|Any CPU
		{9487B029-9B2A-4AA2-9386-9611F162C3E7}.Debug|Any CPU.ActiveCfg = Debug|Any CPU
		{9487B029-9B2A-4AA2-9386-9611F162C3E7}.Debug|Any CPU.Build.0 = Debug|Any CPU
		{9487B029-9B2A-4AA2-9386-9611F162C3E7}.Release|Any CPU.ActiveCfg = Release|Any CPU
		{9487B029-9B2A-4AA2-9386-9611F162C3E7}.Release|Any CPU.Build.0 = Release|Any CPU
		{24FCE1B8-285E-4E0E-8615-EA7C5ED66DDF}.Debug|Any CPU.ActiveCfg = Debug|Any CPU
		{24FCE1B8-285E-4E0E-8615-EA7C5ED66DDF}.Debug|Any CPU.Build.0 = Debug|Any CPU
		{24FCE1B8-285E-4E0E-8615-EA7C5ED66DDF}.Release|Any CPU.ActiveCfg = Release|Any CPU
		{24FCE1B8-285E-4E0E-8615-EA7C5ED66DDF}.Release|Any CPU.Build.0 = Release|Any CPU
		{1A03ADA7-3AD1-4880-88D1-A262C1411960}.Debug|Any CPU.ActiveCfg = Debug|Any CPU
		{1A03ADA7-3AD1-4880-88D1-A262C1411960}.Debug|Any CPU.Build.0 = Debug|Any CPU
		{1A03ADA7-3AD1-4880-88D1-A262C1411960}.Release|Any CPU.ActiveCfg = Release|Any CPU
		{1A03ADA7-3AD1-4880-88D1-A262C1411960}.Release|Any CPU.Build.0 = Release|Any CPU
		{404FAC62-1370-4526-974F-1B35D9E4B41D}.Debug|Any CPU.ActiveCfg = Debug|Any CPU
		{404FAC62-1370-4526-974F-1B35D9E4B41D}.Debug|Any CPU.Build.0 = Debug|Any CPU
		{404FAC62-1370-4526-974F-1B35D9E4B41D}.Release|Any CPU.ActiveCfg = Release|Any CPU
		{404FAC62-1370-4526-974F-1B35D9E4B41D}.Release|Any CPU.Build.0 = Release|Any CPU
		{8F62B028-078C-48FA-8AF4-D8515A19C9A0}.Debug|Any CPU.ActiveCfg = Debug|Any CPU
		{8F62B028-078C-48FA-8AF4-D8515A19C9A0}.Debug|Any CPU.Build.0 = Debug|Any CPU
		{8F62B028-078C-48FA-8AF4-D8515A19C9A0}.Release|Any CPU.ActiveCfg = Release|Any CPU
		{8F62B028-078C-48FA-8AF4-D8515A19C9A0}.Release|Any CPU.Build.0 = Release|Any CPU
		{91687ECC-54C6-473F-88B3-FEE5613A3CBD}.Debug|Any CPU.ActiveCfg = Debug|Any CPU
		{91687ECC-54C6-473F-88B3-FEE5613A3CBD}.Debug|Any CPU.Build.0 = Debug|Any CPU
		{91687ECC-54C6-473F-88B3-FEE5613A3CBD}.Release|Any CPU.ActiveCfg = Release|Any CPU
		{91687ECC-54C6-473F-88B3-FEE5613A3CBD}.Release|Any CPU.Build.0 = Release|Any CPU
		{A3EEA35C-A831-4261-9564-10C9F988AED1}.Debug|Any CPU.ActiveCfg = Debug|Any CPU
		{A3EEA35C-A831-4261-9564-10C9F988AED1}.Debug|Any CPU.Build.0 = Debug|Any CPU
		{A3EEA35C-A831-4261-9564-10C9F988AED1}.Release|Any CPU.ActiveCfg = Release|Any CPU
		{A3EEA35C-A831-4261-9564-10C9F988AED1}.Release|Any CPU.Build.0 = Release|Any CPU
		{A8E2C938-64DE-4521-9532-3A9AEF51A0D7}.Debug|Any CPU.ActiveCfg = Debug|Any CPU
		{A8E2C938-64DE-4521-9532-3A9AEF51A0D7}.Debug|Any CPU.Build.0 = Debug|Any CPU
		{A8E2C938-64DE-4521-9532-3A9AEF51A0D7}.Release|Any CPU.ActiveCfg = Release|Any CPU
		{A8E2C938-64DE-4521-9532-3A9AEF51A0D7}.Release|Any CPU.Build.0 = Release|Any CPU
		{873D5774-66B7-4B53-A52F-0C840860903B}.Debug|Any CPU.ActiveCfg = Debug|Any CPU
		{873D5774-66B7-4B53-A52F-0C840860903B}.Debug|Any CPU.Build.0 = Debug|Any CPU
		{873D5774-66B7-4B53-A52F-0C840860903B}.Release|Any CPU.ActiveCfg = Release|Any CPU
		{873D5774-66B7-4B53-A52F-0C840860903B}.Release|Any CPU.Build.0 = Release|Any CPU
		{F6A24321-A1F7-4019-92CD-7943E83DEF4E}.Debug|Any CPU.ActiveCfg = Debug|Any CPU
		{F6A24321-A1F7-4019-92CD-7943E83DEF4E}.Debug|Any CPU.Build.0 = Debug|Any CPU
		{F6A24321-A1F7-4019-92CD-7943E83DEF4E}.Release|Any CPU.ActiveCfg = Release|Any CPU
		{F6A24321-A1F7-4019-92CD-7943E83DEF4E}.Release|Any CPU.Build.0 = Release|Any CPU
		{1983645F-DF62-41EC-A7BC-E149EC19ED06}.Debug|Any CPU.ActiveCfg = Debug|Any CPU
		{1983645F-DF62-41EC-A7BC-E149EC19ED06}.Debug|Any CPU.Build.0 = Debug|Any CPU
		{1983645F-DF62-41EC-A7BC-E149EC19ED06}.Release|Any CPU.ActiveCfg = Release|Any CPU
		{1983645F-DF62-41EC-A7BC-E149EC19ED06}.Release|Any CPU.Build.0 = Release|Any CPU
		{2EA34476-97CB-41ED-BD17-598E9C27D872}.Debug|Any CPU.ActiveCfg = Debug|Any CPU
		{2EA34476-97CB-41ED-BD17-598E9C27D872}.Debug|Any CPU.Build.0 = Debug|Any CPU
		{2EA34476-97CB-41ED-BD17-598E9C27D872}.Release|Any CPU.ActiveCfg = Release|Any CPU
		{2EA34476-97CB-41ED-BD17-598E9C27D872}.Release|Any CPU.Build.0 = Release|Any CPU
	EndGlobalSection
	GlobalSection(SolutionProperties) = preSolution
		HideSolutionNode = FALSE
	EndGlobalSection
	GlobalSection(NestedProjects) = preSolution
		{1D044A69-250C-43EB-8DF1-E8579593001A} = {02EA681E-C7D8-13C7-8484-4AC65E1B71E8}
		{4A29677A-859D-4C4D-8E88-4B8A7859FEBC} = {369CB01D-A1A7-72D2-AABC-3F0945D148A2}
		{4BF8C06D-F56E-4A63-98FA-78763EC540ED} = {6D3C41F8-355D-425A-B6AD-AA64B6489A12}
		{6D5337BF-EC1F-4CF8-9985-8513C7C20048} = {02EA681E-C7D8-13C7-8484-4AC65E1B71E8}
		{6991E8A9-5580-49DE-AB18-5100C174E2F7} = {6D3C41F8-355D-425A-B6AD-AA64B6489A12}
		{9487B029-9B2A-4AA2-9386-9611F162C3E7} = {6D3C41F8-355D-425A-B6AD-AA64B6489A12}
		{24FCE1B8-285E-4E0E-8615-EA7C5ED66DDF} = {6D3C41F8-355D-425A-B6AD-AA64B6489A12}
		{404FAC62-1370-4526-974F-1B35D9E4B41D} = {369CB01D-A1A7-72D2-AABC-3F0945D148A2}
		{8F62B028-078C-48FA-8AF4-D8515A19C9A0} = {02EA681E-C7D8-13C7-8484-4AC65E1B71E8}
		{91687ECC-54C6-473F-88B3-FEE5613A3CBD} = {6D3C41F8-355D-425A-B6AD-AA64B6489A12}
		{A3EEA35C-A831-4261-9564-10C9F988AED1} = {6D3C41F8-355D-425A-B6AD-AA64B6489A12}
		{873D5774-66B7-4B53-A52F-0C840860903B} = {6D3C41F8-355D-425A-B6AD-AA64B6489A12}
		{F6A24321-A1F7-4019-92CD-7943E83DEF4E} = {C4911944-6DF5-4083-AF80-F995D25F4EC1}
		{1983645F-DF62-41EC-A7BC-E149EC19ED06} = {B07A92E8-E101-4B56-A53D-FEA36A8BF452}
		{2EA34476-97CB-41ED-BD17-598E9C27D872} = {C4911944-6DF5-4083-AF80-F995D25F4EC1}
	EndGlobalSection
	GlobalSection(ExtensibilityGlobals) = postSolution
		SolutionGuid = {8856664F-7EDE-4C65-838F-7B624EA9C043}
	EndGlobalSection
EndGlobal
